
Microsoft Visual Studio Solution File, Format Version 12.00
# Visual Studio 15
VisualStudioVersion = 15.0.26403.7
MinimumVisualStudioVersion = 10.0.40219.1
Project("{9A19103F-16F7-4668-BE54-9A1E7A4F7556}") = "Huellitas.Web", "Huellitas.Web\Huellitas.Web.csproj", "{EA5C9D4D-E4B9-4EDD-8953-DBB3910EDEC6}"
EndProject
Project("{2150E333-8FDC-42A3-9474-1A3956D46DE8}") = "src", "src", "{2D74257B-A6A5-4383-B62D-A9427AE466DE}"
EndProject
Project("{9A19103F-16F7-4668-BE54-9A1E7A4F7556}") = "Huellitas.Data", "Huellitas.Data\Huellitas.Data.csproj", "{CDD33809-7E7A-4B62-AE04-30BFA29A5DDE}"
EndProject
Project("{9A19103F-16F7-4668-BE54-9A1E7A4F7556}") = "Huellitas.Business", "Huellitas.Business\Huellitas.Business.csproj", "{948263CA-5FE4-4180-A55A-B8FACFED377C}"
EndProject
Project("{2150E333-8FDC-42A3-9474-1A3956D46DE8}") = "tests", "tests", "{34DE7193-B5B1-4941-9FD4-2A20483D512A}"
EndProject
Project("{9A19103F-16F7-4668-BE54-9A1E7A4F7556}") = "Huellitas.Tests", "Huellitas.Tests\Huellitas.Tests.csproj", "{3F132BCF-32FD-4962-A923-8CF5E3B08CE5}"
EndProject
Project("{2150E333-8FDC-42A3-9474-1A3956D46DE8}") = "ext", "ext", "{CADE2CA6-9671-45AC-98E0-7504C4F72363}"
EndProject
Project("{9A19103F-16F7-4668-BE54-9A1E7A4F7556}") = "Beto.Core", "..\ext\beto.core\src\Beto.Core\Beto.Core.csproj", "{DCC206C1-D1BA-4FCC-9686-52E970936154}"
EndProject
Global
	GlobalSection(SolutionConfigurationPlatforms) = preSolution
		Debug|Any CPU = Debug|Any CPU
		Release|Any CPU = Release|Any CPU
	EndGlobalSection
	GlobalSection(ProjectConfigurationPlatforms) = postSolution
		{EA5C9D4D-E4B9-4EDD-8953-DBB3910EDEC6}.Debug|Any CPU.ActiveCfg = Debug|Any CPU
		{EA5C9D4D-E4B9-4EDD-8953-DBB3910EDEC6}.Debug|Any CPU.Build.0 = Debug|Any CPU
		{EA5C9D4D-E4B9-4EDD-8953-DBB3910EDEC6}.Release|Any CPU.ActiveCfg = Release|Any CPU
		{EA5C9D4D-E4B9-4EDD-8953-DBB3910EDEC6}.Release|Any CPU.Build.0 = Release|Any CPU
		{CDD33809-7E7A-4B62-AE04-30BFA29A5DDE}.Debug|Any CPU.ActiveCfg = Debug|Any CPU
		{CDD33809-7E7A-4B62-AE04-30BFA29A5DDE}.Debug|Any CPU.Build.0 = Debug|Any CPU
		{CDD33809-7E7A-4B62-AE04-30BFA29A5DDE}.Release|Any CPU.ActiveCfg = Release|Any CPU
		{CDD33809-7E7A-4B62-AE04-30BFA29A5DDE}.Release|Any CPU.Build.0 = Release|Any CPU
		{948263CA-5FE4-4180-A55A-B8FACFED377C}.Debug|Any CPU.ActiveCfg = Debug|Any CPU
		{948263CA-5FE4-4180-A55A-B8FACFED377C}.Debug|Any CPU.Build.0 = Debug|Any CPU
		{948263CA-5FE4-4180-A55A-B8FACFED377C}.Release|Any CPU.ActiveCfg = Release|Any CPU
		{948263CA-5FE4-4180-A55A-B8FACFED377C}.Release|Any CPU.Build.0 = Release|Any CPU
		{3F132BCF-32FD-4962-A923-8CF5E3B08CE5}.Debug|Any CPU.ActiveCfg = Debug|Any CPU
		{3F132BCF-32FD-4962-A923-8CF5E3B08CE5}.Debug|Any CPU.Build.0 = Debug|Any CPU
		{3F132BCF-32FD-4962-A923-8CF5E3B08CE5}.Release|Any CPU.ActiveCfg = Release|Any CPU
		{3F132BCF-32FD-4962-A923-8CF5E3B08CE5}.Release|Any CPU.Build.0 = Release|Any CPU
		{DCC206C1-D1BA-4FCC-9686-52E970936154}.Debug|Any CPU.ActiveCfg = Debug|Any CPU
		{DCC206C1-D1BA-4FCC-9686-52E970936154}.Debug|Any CPU.Build.0 = Debug|Any CPU
		{DCC206C1-D1BA-4FCC-9686-52E970936154}.Release|Any CPU.ActiveCfg = Release|Any CPU
		{DCC206C1-D1BA-4FCC-9686-52E970936154}.Release|Any CPU.Build.0 = Release|Any CPU
	EndGlobalSection
	GlobalSection(SolutionProperties) = preSolution
		HideSolutionNode = FALSE
	EndGlobalSection
	GlobalSection(NestedProjects) = preSolution
		{EA5C9D4D-E4B9-4EDD-8953-DBB3910EDEC6} = {2D74257B-A6A5-4383-B62D-A9427AE466DE}
		{CDD33809-7E7A-4B62-AE04-30BFA29A5DDE} = {2D74257B-A6A5-4383-B62D-A9427AE466DE}
		{948263CA-5FE4-4180-A55A-B8FACFED377C} = {2D74257B-A6A5-4383-B62D-A9427AE466DE}
		{3F132BCF-32FD-4962-A923-8CF5E3B08CE5} = {34DE7193-B5B1-4941-9FD4-2A20483D512A}
		{DCC206C1-D1BA-4FCC-9686-52E970936154} = {CADE2CA6-9671-45AC-98E0-7504C4F72363}
	EndGlobalSection
	GlobalSection(ExtensibilityGlobals) = postSolution
		SolutionGuid = {8C5FF5BD-6188-4BF4-A9B1-F4AE96F57D7D}
	EndGlobalSection
EndGlobal
